# This file is autogenerated, do not edit; changes may be undone by the next 'dep ensure'.


[[projects]]
  name = "github.com/julienschmidt/httprouter"
  packages = ["."]
  revision = "8c199fb6259ffc1af525cc3ad52ee60ba8359669"
  version = "v1.1"

[[projects]]
  name = "github.com/tensorflow/tensorflow"
  packages = [
    "tensorflow/go",
    "tensorflow/go/op"
  ]
  revision = "93bc2e2072e0daccbcff7a90d397b704a9e8f778"
  version = "v1.8.0"

[solve-meta]
  analyzer-name = "dep"
  analyzer-version = 1
  inputs-digest = "0ce5c2268dc55e8f746244f62501f308ee63c3508a4fe4ef79244f7c8ab7dd9b"
  solver-name = "gps-cdcl"
  solver-version = 1
